
Microsoft Visual Studio Solution File, Format Version 12.00
# Visual Studio 14
VisualStudioVersion = 14.0.23107.0
MinimumVisualStudioVersion = 10.0.40219.1
Project("{FAE04EC0-301F-11D3-BF4B-00C04F79EFBC}") = "BE", "BE\BE.csproj", "{75094DCD-F48D-43E3-A8B1-8BA822807B0C}"
EndProject
Project("{FAE04EC0-301F-11D3-BF4B-00C04F79EFBC}") = "DA", "DA\DA.csproj", "{08E1BE37-5636-486F-BDBD-697083DB7720}"
EndProject
Project("{FAE04EC0-301F-11D3-BF4B-00C04F79EFBC}") = "BL", "BL\BL.csproj", "{14C9DE12-B633-45C3-9E55-28BB47572502}"
EndProject
Project("{FAE04EC0-301F-11D3-BF4B-00C04F79EFBC}") = "TestingConsoleApp", "Testing\TestingConsoleApp.csproj", "{A6377C77-8F0E-4BCF-86E4-9EFC6D161D91}"
EndProject
Project("{FAE04EC0-301F-11D3-BF4B-00C04F79EFBC}") = "AI", "AI\AI.csproj", "{A9A9DA90-3F20-4E1E-832E-78216E0DBB75}"
EndProject
Global
	GlobalSection(SolutionConfigurationPlatforms) = preSolution
		Debug|Any CPU = Debug|Any CPU
		Release|Any CPU = Release|Any CPU
	EndGlobalSection
	GlobalSection(ProjectConfigurationPlatforms) = postSolution
		{75094DCD-F48D-43E3-A8B1-8BA822807B0C}.Debug|Any CPU.ActiveCfg = Debug|Any CPU
		{75094DCD-F48D-43E3-A8B1-8BA822807B0C}.Debug|Any CPU.Build.0 = Debug|Any CPU
		{75094DCD-F48D-43E3-A8B1-8BA822807B0C}.Release|Any CPU.ActiveCfg = Release|Any CPU
		{75094DCD-F48D-43E3-A8B1-8BA822807B0C}.Release|Any CPU.Build.0 = Release|Any CPU
		{08E1BE37-5636-486F-BDBD-697083DB7720}.Debug|Any CPU.ActiveCfg = Debug|Any CPU
		{08E1BE37-5636-486F-BDBD-697083DB7720}.Debug|Any CPU.Build.0 = Debug|Any CPU
		{08E1BE37-5636-486F-BDBD-697083DB7720}.Release|Any CPU.ActiveCfg = Release|Any CPU
		{08E1BE37-5636-486F-BDBD-697083DB7720}.Release|Any CPU.Build.0 = Release|Any CPU
		{14C9DE12-B633-45C3-9E55-28BB47572502}.Debug|Any CPU.ActiveCfg = Debug|Any CPU
		{14C9DE12-B633-45C3-9E55-28BB47572502}.Debug|Any CPU.Build.0 = Debug|Any CPU
		{14C9DE12-B633-45C3-9E55-28BB47572502}.Release|Any CPU.ActiveCfg = Release|Any CPU
		{14C9DE12-B633-45C3-9E55-28BB47572502}.Release|Any CPU.Build.0 = Release|Any CPU
		{A6377C77-8F0E-4BCF-86E4-9EFC6D161D91}.Debug|Any CPU.ActiveCfg = Debug|Any CPU
		{A6377C77-8F0E-4BCF-86E4-9EFC6D161D91}.Debug|Any CPU.Build.0 = Debug|Any CPU
		{A6377C77-8F0E-4BCF-86E4-9EFC6D161D91}.Release|Any CPU.ActiveCfg = Release|Any CPU
		{A6377C77-8F0E-4BCF-86E4-9EFC6D161D91}.Release|Any CPU.Build.0 = Release|Any CPU
		{A9A9DA90-3F20-4E1E-832E-78216E0DBB75}.Debug|Any CPU.ActiveCfg = Debug|Any CPU
		{A9A9DA90-3F20-4E1E-832E-78216E0DBB75}.Debug|Any CPU.Build.0 = Debug|Any CPU
		{A9A9DA90-3F20-4E1E-832E-78216E0DBB75}.Release|Any CPU.ActiveCfg = Release|Any CPU
		{A9A9DA90-3F20-4E1E-832E-78216E0DBB75}.Release|Any CPU.Build.0 = Release|Any CPU
	EndGlobalSection
	GlobalSection(SolutionProperties) = preSolution
		HideSolutionNode = FALSE
	EndGlobalSection
EndGlobal
